{
  "requires": true,
  "lockfileVersion": 1,
  "dependencies": {
    "lightgallery": {
      "version": "2.3.0",
      "resolved": "https://registry.npmjs.org/lightgallery/-/lightgallery-2.3.0.tgz",
      "integrity": "sha512-kdu+uQM2X4LUN2G2tTp72ZOLfwmGwZFjiVQBqYY2E2zL1ADibKwnxZUBEw2zI5zefDe/71IHg+6kBRTbr8CGyg=="
    }
  }
}
